{
  "name": "mi-proyecto-php",
  "version": "0.1.0",
  "lockfileVersion": 3,
  "requires": true,
  "packages": {
    "": {
      "name": "mi-proyecto-php",
      "version": "0.1.0",
      "dependencies": {
        "php-cgi": "^0.1.0"
      }
    },
    "node_modules/php-cgi": {
      "version": "0.1.0",
      "resolved": "https://registry.npmjs.org/php-cgi/-/php-cgi-0.1.0.tgz",
      "integrity": "sha512-eHemVGggDgqdojHVXc+wF5LlUtbqeMdqSwyICU10q5+IwTFm/NMAklXrneflmar0/EgmHS2iHC41nMGsjbdE7w==",
      "license": "MIT"
    }
  }
}
